
Microsoft Visual Studio Solution File, Format Version 11.00
# Visual Studio 2010
Project("{FAE04EC0-301F-11D3-BF4B-00C04F79EFBC}") = "Console Test", "Console Test\Console Test.csproj", "{C3B7A9E7-50DF-4E33-840E-8649ACD95686}"
EndProject
Project("{FAE04EC0-301F-11D3-BF4B-00C04F79EFBC}") = "WPF Test", "WPF Test\WPF Test.csproj", "{14555C13-5EAA-4901-B2FE-9723C79C9F42}"
EndProject
Project("{FAE04EC0-301F-11D3-BF4B-00C04F79EFBC}") = "AIT Lib", "AIT Lib\AIT Lib.csproj", "{7D0F4B0B-874B-4CEE-9B3B-DC58C5DF9842}"
EndProject
Project("{FAE04EC0-301F-11D3-BF4B-00C04F79EFBC}") = "AIT", "DXApplication1\AIT\AIT.csproj", "{384C9D65-24E6-40E8-AA93-AFB35B63898C}"
EndProject
Global
	GlobalSection(SolutionConfigurationPlatforms) = preSolution
		Debug|Any CPU = Debug|Any CPU
		Debug|Mixed Platforms = Debug|Mixed Platforms
		Debug|x86 = Debug|x86
		EasyTest|Any CPU = EasyTest|Any CPU
		EasyTest|Mixed Platforms = EasyTest|Mixed Platforms
		EasyTest|x86 = EasyTest|x86
		Release|Any CPU = Release|Any CPU
		Release|Mixed Platforms = Release|Mixed Platforms
		Release|x86 = Release|x86
	EndGlobalSection
	GlobalSection(ProjectConfigurationPlatforms) = postSolution
		{C3B7A9E7-50DF-4E33-840E-8649ACD95686}.Debug|Any CPU.ActiveCfg = Debug|x86
		{C3B7A9E7-50DF-4E33-840E-8649ACD95686}.Debug|Any CPU.Build.0 = Debug|x86
		{C3B7A9E7-50DF-4E33-840E-8649ACD95686}.Debug|Mixed Platforms.ActiveCfg = Debug|x86
		{C3B7A9E7-50DF-4E33-840E-8649ACD95686}.Debug|Mixed Platforms.Build.0 = Debug|x86
		{C3B7A9E7-50DF-4E33-840E-8649ACD95686}.Debug|x86.ActiveCfg = Debug|x86
		{C3B7A9E7-50DF-4E33-840E-8649ACD95686}.Debug|x86.Build.0 = Debug|x86
		{C3B7A9E7-50DF-4E33-840E-8649ACD95686}.EasyTest|Any CPU.ActiveCfg = Release|x86
		{C3B7A9E7-50DF-4E33-840E-8649ACD95686}.EasyTest|Any CPU.Build.0 = Release|x86
		{C3B7A9E7-50DF-4E33-840E-8649ACD95686}.EasyTest|Mixed Platforms.ActiveCfg = Release|x86
		{C3B7A9E7-50DF-4E33-840E-8649ACD95686}.EasyTest|Mixed Platforms.Build.0 = Release|x86
		{C3B7A9E7-50DF-4E33-840E-8649ACD95686}.EasyTest|x86.ActiveCfg = Release|x86
		{C3B7A9E7-50DF-4E33-840E-8649ACD95686}.EasyTest|x86.Build.0 = Release|x86
		{C3B7A9E7-50DF-4E33-840E-8649ACD95686}.Release|Any CPU.ActiveCfg = Release|x86
		{C3B7A9E7-50DF-4E33-840E-8649ACD95686}.Release|Any CPU.Build.0 = Release|x86
		{C3B7A9E7-50DF-4E33-840E-8649ACD95686}.Release|Mixed Platforms.ActiveCfg = Release|x86
		{C3B7A9E7-50DF-4E33-840E-8649ACD95686}.Release|Mixed Platforms.Build.0 = Release|x86
		{C3B7A9E7-50DF-4E33-840E-8649ACD95686}.Release|x86.ActiveCfg = Release|x86
		{C3B7A9E7-50DF-4E33-840E-8649ACD95686}.Release|x86.Build.0 = Release|x86
		{14555C13-5EAA-4901-B2FE-9723C79C9F42}.Debug|Any CPU.ActiveCfg = Debug|x86
		{14555C13-5EAA-4901-B2FE-9723C79C9F42}.Debug|Any CPU.Build.0 = Debug|x86
		{14555C13-5EAA-4901-B2FE-9723C79C9F42}.Debug|Mixed Platforms.ActiveCfg = Debug|x86
		{14555C13-5EAA-4901-B2FE-9723C79C9F42}.Debug|Mixed Platforms.Build.0 = Debug|x86
		{14555C13-5EAA-4901-B2FE-9723C79C9F42}.Debug|x86.ActiveCfg = Debug|x86
		{14555C13-5EAA-4901-B2FE-9723C79C9F42}.Debug|x86.Build.0 = Debug|x86
		{14555C13-5EAA-4901-B2FE-9723C79C9F42}.EasyTest|Any CPU.ActiveCfg = Release|x86
		{14555C13-5EAA-4901-B2FE-9723C79C9F42}.EasyTest|Any CPU.Build.0 = Release|x86
		{14555C13-5EAA-4901-B2FE-9723C79C9F42}.EasyTest|Mixed Platforms.ActiveCfg = Release|x86
		{14555C13-5EAA-4901-B2FE-9723C79C9F42}.EasyTest|Mixed Platforms.Build.0 = Release|x86
		{14555C13-5EAA-4901-B2FE-9723C79C9F42}.EasyTest|x86.ActiveCfg = Release|x86
		{14555C13-5EAA-4901-B2FE-9723C79C9F42}.EasyTest|x86.Build.0 = Release|x86
		{14555C13-5EAA-4901-B2FE-9723C79C9F42}.Release|Any CPU.ActiveCfg = Release|x86
		{14555C13-5EAA-4901-B2FE-9723C79C9F42}.Release|Any CPU.Build.0 = Release|x86
		{14555C13-5EAA-4901-B2FE-9723C79C9F42}.Release|Mixed Platforms.ActiveCfg = Release|x86
		{14555C13-5EAA-4901-B2FE-9723C79C9F42}.Release|Mixed Platforms.Build.0 = Release|x86
		{14555C13-5EAA-4901-B2FE-9723C79C9F42}.Release|x86.ActiveCfg = Release|x86
		{14555C13-5EAA-4901-B2FE-9723C79C9F42}.Release|x86.Build.0 = Release|x86
		{7D0F4B0B-874B-4CEE-9B3B-DC58C5DF9842}.Debug|Any CPU.ActiveCfg = Debug|Any CPU
		{7D0F4B0B-874B-4CEE-9B3B-DC58C5DF9842}.Debug|Any CPU.Build.0 = Debug|Any CPU
		{7D0F4B0B-874B-4CEE-9B3B-DC58C5DF9842}.Debug|Mixed Platforms.ActiveCfg = Debug|Any CPU
		{7D0F4B0B-874B-4CEE-9B3B-DC58C5DF9842}.Debug|Mixed Platforms.Build.0 = Debug|Any CPU
		{7D0F4B0B-874B-4CEE-9B3B-DC58C5DF9842}.Debug|x86.ActiveCfg = Debug|Any CPU
		{7D0F4B0B-874B-4CEE-9B3B-DC58C5DF9842}.EasyTest|Any CPU.ActiveCfg = Release|Any CPU
		{7D0F4B0B-874B-4CEE-9B3B-DC58C5DF9842}.EasyTest|Any CPU.Build.0 = Release|Any CPU
		{7D0F4B0B-874B-4CEE-9B3B-DC58C5DF9842}.EasyTest|Mixed Platforms.ActiveCfg = Release|Any CPU
		{7D0F4B0B-874B-4CEE-9B3B-DC58C5DF9842}.EasyTest|Mixed Platforms.Build.0 = Release|Any CPU
		{7D0F4B0B-874B-4CEE-9B3B-DC58C5DF9842}.EasyTest|x86.ActiveCfg = Release|Any CPU
		{7D0F4B0B-874B-4CEE-9B3B-DC58C5DF9842}.Release|Any CPU.ActiveCfg = Release|Any CPU
		{7D0F4B0B-874B-4CEE-9B3B-DC58C5DF9842}.Release|Any CPU.Build.0 = Release|Any CPU
		{7D0F4B0B-874B-4CEE-9B3B-DC58C5DF9842}.Release|Mixed Platforms.ActiveCfg = Release|Any CPU
		{7D0F4B0B-874B-4CEE-9B3B-DC58C5DF9842}.Release|Mixed Platforms.Build.0 = Release|Any CPU
		{7D0F4B0B-874B-4CEE-9B3B-DC58C5DF9842}.Release|x86.ActiveCfg = Release|Any CPU
		{384C9D65-24E6-40E8-AA93-AFB35B63898C}.Debug|Any CPU.ActiveCfg = Debug|Any CPU
		{384C9D65-24E6-40E8-AA93-AFB35B63898C}.Debug|Any CPU.Build.0 = Debug|Any CPU
		{384C9D65-24E6-40E8-AA93-AFB35B63898C}.Debug|Mixed Platforms.ActiveCfg = Debug|Any CPU
		{384C9D65-24E6-40E8-AA93-AFB35B63898C}.Debug|Mixed Platforms.Build.0 = Debug|Any CPU
		{384C9D65-24E6-40E8-AA93-AFB35B63898C}.Debug|x86.ActiveCfg = Debug|Any CPU
		{384C9D65-24E6-40E8-AA93-AFB35B63898C}.EasyTest|Any CPU.ActiveCfg = Release|Any CPU
		{384C9D65-24E6-40E8-AA93-AFB35B63898C}.EasyTest|Any CPU.Build.0 = Release|Any CPU
		{384C9D65-24E6-40E8-AA93-AFB35B63898C}.EasyTest|Mixed Platforms.ActiveCfg = Release|Any CPU
		{384C9D65-24E6-40E8-AA93-AFB35B63898C}.EasyTest|Mixed Platforms.Build.0 = Release|Any CPU
		{384C9D65-24E6-40E8-AA93-AFB35B63898C}.EasyTest|x86.ActiveCfg = Release|Any CPU
		{384C9D65-24E6-40E8-AA93-AFB35B63898C}.Release|Any CPU.ActiveCfg = Release|Any CPU
		{384C9D65-24E6-40E8-AA93-AFB35B63898C}.Release|Any CPU.Build.0 = Release|Any CPU
		{384C9D65-24E6-40E8-AA93-AFB35B63898C}.Release|Mixed Platforms.ActiveCfg = Release|Any CPU
		{384C9D65-24E6-40E8-AA93-AFB35B63898C}.Release|Mixed Platforms.Build.0 = Release|Any CPU
		{384C9D65-24E6-40E8-AA93-AFB35B63898C}.Release|x86.ActiveCfg = Release|Any CPU
	EndGlobalSection
	GlobalSection(SolutionProperties) = preSolution
		HideSolutionNode = FALSE
	EndGlobalSection
EndGlobal
