
Microsoft Visual Studio Solution File, Format Version 12.00
# Visual Studio Version 17
VisualStudioVersion = 17.1.32407.343
MinimumVisualStudioVersion = 10.0.40219.1
Project("{FAE04EC0-301F-11D3-BF4B-00C04F79EFBC}") = "AITLib", "AITLib\AITLib.csproj", "{361F3FE1-3412-4FB8-B635-DC5E7F13E247}"
EndProject
Project("{FAE04EC0-301F-11D3-BF4B-00C04F79EFBC}") = "ModelTest", "..\ModelTest\ModelTest.csproj", "{FE99796F-504E-426B-A1AA-DBA08DA2D556}"
EndProject
Global
	GlobalSection(SolutionConfigurationPlatforms) = preSolution
		Debug|Any CPU = Debug|Any CPU
		Release|Any CPU = Release|Any CPU
	EndGlobalSection
	GlobalSection(ProjectConfigurationPlatforms) = postSolution
		{361F3FE1-3412-4FB8-B635-DC5E7F13E247}.Debug|Any CPU.ActiveCfg = Debug|Any CPU
		{361F3FE1-3412-4FB8-B635-DC5E7F13E247}.Debug|Any CPU.Build.0 = Debug|Any CPU
		{361F3FE1-3412-4FB8-B635-DC5E7F13E247}.Release|Any CPU.ActiveCfg = Release|Any CPU
		{361F3FE1-3412-4FB8-B635-DC5E7F13E247}.Release|Any CPU.Build.0 = Release|Any CPU
		{FE99796F-504E-426B-A1AA-DBA08DA2D556}.Debug|Any CPU.ActiveCfg = Debug|Any CPU
		{FE99796F-504E-426B-A1AA-DBA08DA2D556}.Debug|Any CPU.Build.0 = Debug|Any CPU
		{FE99796F-504E-426B-A1AA-DBA08DA2D556}.Release|Any CPU.ActiveCfg = Release|Any CPU
		{FE99796F-504E-426B-A1AA-DBA08DA2D556}.Release|Any CPU.Build.0 = Release|Any CPU
	EndGlobalSection
	GlobalSection(SolutionProperties) = preSolution
		HideSolutionNode = FALSE
	EndGlobalSection
	GlobalSection(ExtensibilityGlobals) = postSolution
		SolutionGuid = {05930F01-E489-48F8-864B-B63B990C58B4}
	EndGlobalSection
EndGlobal
