
Microsoft Visual Studio Solution File, Format Version 12.00
# Visual Studio Version 16
VisualStudioVersion = 16.0.29020.237
MinimumVisualStudioVersion = 10.0.40219.1
Project("{FAE04EC0-301F-11D3-BF4B-00C04F79EFBC}") = "AIT", "AIT.csproj", "{57025C29-2C48-4B68-B22F-9E7D361DD479}"
EndProject
Project("{FAE04EC0-301F-11D3-BF4B-00C04F79EFBC}") = "AIT.Tests", "..\AIT.Tests\AIT.Tests.csproj", "{283C1FFD-5322-43CA-B8D6-265CC2DCC801}"
EndProject
Global
	GlobalSection(SolutionConfigurationPlatforms) = preSolution
		Debug|Any CPU = Debug|Any CPU
		Release|Any CPU = Release|Any CPU
	EndGlobalSection
	GlobalSection(ProjectConfigurationPlatforms) = postSolution
		{57025C29-2C48-4B68-B22F-9E7D361DD479}.Debug|Any CPU.ActiveCfg = Debug|Any CPU
		{57025C29-2C48-4B68-B22F-9E7D361DD479}.Debug|Any CPU.Build.0 = Debug|Any CPU
		{57025C29-2C48-4B68-B22F-9E7D361DD479}.Release|Any CPU.ActiveCfg = Release|Any CPU
		{57025C29-2C48-4B68-B22F-9E7D361DD479}.Release|Any CPU.Build.0 = Release|Any CPU
		{283C1FFD-5322-43CA-B8D6-265CC2DCC801}.Debug|Any CPU.ActiveCfg = Debug|Any CPU
		{283C1FFD-5322-43CA-B8D6-265CC2DCC801}.Debug|Any CPU.Build.0 = Debug|Any CPU
		{283C1FFD-5322-43CA-B8D6-265CC2DCC801}.Release|Any CPU.ActiveCfg = Release|Any CPU
		{283C1FFD-5322-43CA-B8D6-265CC2DCC801}.Release|Any CPU.Build.0 = Release|Any CPU
	EndGlobalSection
	GlobalSection(SolutionProperties) = preSolution
		HideSolutionNode = FALSE
	EndGlobalSection
	GlobalSection(ExtensibilityGlobals) = postSolution
		SolutionGuid = {98688AA6-AF99-45C9-8494-8C99D7F75C2C}
	EndGlobalSection
EndGlobal
